
Microsoft Visual Studio Solution File, Format Version 11.00
# Visual Studio 2010
Project("{FAE04EC0-301F-11D3-BF4B-00C04F79EFBC}") = "MonoTouch.Rdio", "MonoTouch.Rdio\MonoTouch.Rdio.csproj", "{541B54DE-113C-4BC7-81C0-4284807CE894}"
EndProject
Project("{FAE04EC0-301F-11D3-BF4B-00C04F79EFBC}") = "MonoTouch.Rdio.Sample", "MonoTouch.Rdio.Sample\MonoTouch.Rdio.Sample.csproj", "{60A816B4-A809-467B-9930-3637D5234315}"
EndProject
Global
	GlobalSection(SolutionConfigurationPlatforms) = preSolution
		Debug|Any CPU = Debug|Any CPU
		Release|Any CPU = Release|Any CPU
		Debug|iPhoneSimulator = Debug|iPhoneSimulator
		Release|iPhoneSimulator = Release|iPhoneSimulator
		Debug|iPhone = Debug|iPhone
		Release|iPhone = Release|iPhone
		Ad-Hoc|iPhone = Ad-Hoc|iPhone
		AppStore|iPhone = AppStore|iPhone
	EndGlobalSection
	GlobalSection(ProjectConfigurationPlatforms) = postSolution
		{541B54DE-113C-4BC7-81C0-4284807CE894}.Ad-Hoc|iPhone.ActiveCfg = Debug|Any CPU
		{541B54DE-113C-4BC7-81C0-4284807CE894}.Ad-Hoc|iPhone.Build.0 = Debug|Any CPU
		{541B54DE-113C-4BC7-81C0-4284807CE894}.AppStore|iPhone.ActiveCfg = Debug|Any CPU
		{541B54DE-113C-4BC7-81C0-4284807CE894}.AppStore|iPhone.Build.0 = Debug|Any CPU
		{541B54DE-113C-4BC7-81C0-4284807CE894}.Debug|Any CPU.ActiveCfg = Debug|Any CPU
		{541B54DE-113C-4BC7-81C0-4284807CE894}.Debug|Any CPU.Build.0 = Debug|Any CPU
		{541B54DE-113C-4BC7-81C0-4284807CE894}.Debug|iPhone.ActiveCfg = Debug|Any CPU
		{541B54DE-113C-4BC7-81C0-4284807CE894}.Debug|iPhone.Build.0 = Debug|Any CPU
		{541B54DE-113C-4BC7-81C0-4284807CE894}.Debug|iPhoneSimulator.ActiveCfg = Debug|Any CPU
		{541B54DE-113C-4BC7-81C0-4284807CE894}.Debug|iPhoneSimulator.Build.0 = Debug|Any CPU
		{541B54DE-113C-4BC7-81C0-4284807CE894}.Release|Any CPU.ActiveCfg = Release|Any CPU
		{541B54DE-113C-4BC7-81C0-4284807CE894}.Release|Any CPU.Build.0 = Release|Any CPU
		{541B54DE-113C-4BC7-81C0-4284807CE894}.Release|iPhone.ActiveCfg = Release|Any CPU
		{541B54DE-113C-4BC7-81C0-4284807CE894}.Release|iPhone.Build.0 = Release|Any CPU
		{541B54DE-113C-4BC7-81C0-4284807CE894}.Release|iPhoneSimulator.ActiveCfg = Release|Any CPU
		{541B54DE-113C-4BC7-81C0-4284807CE894}.Release|iPhoneSimulator.Build.0 = Release|Any CPU
		{60A816B4-A809-467B-9930-3637D5234315}.Ad-Hoc|iPhone.ActiveCfg = Ad-Hoc|iPhone
		{60A816B4-A809-467B-9930-3637D5234315}.Ad-Hoc|iPhone.Build.0 = Ad-Hoc|iPhone
		{60A816B4-A809-467B-9930-3637D5234315}.AppStore|iPhone.ActiveCfg = AppStore|iPhone
		{60A816B4-A809-467B-9930-3637D5234315}.AppStore|iPhone.Build.0 = AppStore|iPhone
		{60A816B4-A809-467B-9930-3637D5234315}.Debug|Any CPU.ActiveCfg = Debug|iPhoneSimulator
		{60A816B4-A809-467B-9930-3637D5234315}.Debug|Any CPU.Build.0 = Debug|iPhoneSimulator
		{60A816B4-A809-467B-9930-3637D5234315}.Debug|iPhone.ActiveCfg = Debug|iPhone
		{60A816B4-A809-467B-9930-3637D5234315}.Debug|iPhone.Build.0 = Debug|iPhone
		{60A816B4-A809-467B-9930-3637D5234315}.Debug|iPhoneSimulator.ActiveCfg = Debug|iPhoneSimulator
		{60A816B4-A809-467B-9930-3637D5234315}.Debug|iPhoneSimulator.Build.0 = Debug|iPhoneSimulator
		{60A816B4-A809-467B-9930-3637D5234315}.Release|Any CPU.ActiveCfg = Release|iPhoneSimulator
		{60A816B4-A809-467B-9930-3637D5234315}.Release|Any CPU.Build.0 = Release|iPhoneSimulator
		{60A816B4-A809-467B-9930-3637D5234315}.Release|iPhone.ActiveCfg = Release|iPhone
		{60A816B4-A809-467B-9930-3637D5234315}.Release|iPhone.Build.0 = Release|iPhone
		{60A816B4-A809-467B-9930-3637D5234315}.Release|iPhoneSimulator.ActiveCfg = Release|iPhoneSimulator
		{60A816B4-A809-467B-9930-3637D5234315}.Release|iPhoneSimulator.Build.0 = Release|iPhoneSimulator
	EndGlobalSection
	GlobalSection(MonoDevelopProperties) = preSolution
		StartupItem = MonoTouch.Rdio.Sample\MonoTouch.Rdio.Sample.csproj
	EndGlobalSection
EndGlobal
